
Microsoft Visual Studio Solution File, Format Version 12.00
Project("{FAE04EC0-301F-11D3-BF4B-00C04F79EFBC}") = "dotnet_lab3_scientific_calculator", "dotnet_lab3_scientific_calculator\dotnet_lab3_scientific_calculator.csproj", "{FC1668FE-0218-4E68-BAD9-9B6575BF07DB}"
EndProject
Project("{FAE04EC0-301F-11D3-BF4B-00C04F79EFBC}") = "CalculatorTests", "CalculatorTests\CalculatorTests.csproj", "{05A178B5-4A34-4F1B-9A05-8F44C3CE095E}"
EndProject
Project("{FAE04EC0-301F-11D3-BF4B-00C04F79EFBC}") = "ScientificCalculatorTests", "ScientificCalculatorTests\ScientificCalculatorTests.csproj", "{A64FDBFF-012A-4861-AB1A-0466DD10DA41}"
EndProject
Global
	GlobalSection(SolutionConfigurationPlatforms) = preSolution
		Debug|Any CPU = Debug|Any CPU
		Release|Any CPU = Release|Any CPU
	EndGlobalSection
	GlobalSection(ProjectConfigurationPlatforms) = postSolution
		{FC1668FE-0218-4E68-BAD9-9B6575BF07DB}.Debug|Any CPU.ActiveCfg = Debug|Any CPU
		{FC1668FE-0218-4E68-BAD9-9B6575BF07DB}.Debug|Any CPU.Build.0 = Debug|Any CPU
		{FC1668FE-0218-4E68-BAD9-9B6575BF07DB}.Release|Any CPU.ActiveCfg = Release|Any CPU
		{FC1668FE-0218-4E68-BAD9-9B6575BF07DB}.Release|Any CPU.Build.0 = Release|Any CPU
		{05A178B5-4A34-4F1B-9A05-8F44C3CE095E}.Debug|Any CPU.ActiveCfg = Debug|Any CPU
		{05A178B5-4A34-4F1B-9A05-8F44C3CE095E}.Debug|Any CPU.Build.0 = Debug|Any CPU
		{05A178B5-4A34-4F1B-9A05-8F44C3CE095E}.Release|Any CPU.ActiveCfg = Release|Any CPU
		{05A178B5-4A34-4F1B-9A05-8F44C3CE095E}.Release|Any CPU.Build.0 = Release|Any CPU
		{A64FDBFF-012A-4861-AB1A-0466DD10DA41}.Debug|Any CPU.ActiveCfg = Debug|Any CPU
		{A64FDBFF-012A-4861-AB1A-0466DD10DA41}.Debug|Any CPU.Build.0 = Debug|Any CPU
		{A64FDBFF-012A-4861-AB1A-0466DD10DA41}.Release|Any CPU.ActiveCfg = Release|Any CPU
		{A64FDBFF-012A-4861-AB1A-0466DD10DA41}.Release|Any CPU.Build.0 = Release|Any CPU
	EndGlobalSection
EndGlobal
