
Microsoft Visual Studio Solution File, Format Version 12.00
Project("{FAE04EC0-301F-11D3-BF4B-00C04F79EFBC}") = "RentalCompany", "RentalCompany\RentalCompany.csproj", "{4E7BE8E2-D917-4404-A8C9-AE2825968B02}"
EndProject
Project("{FAE04EC0-301F-11D3-BF4B-00C04F79EFBC}") = "RentalCompanyTests", "RentalCompanyTests\RentalCompanyTests.csproj", "{37CA14EA-C107-4542-8485-A39E5BFF20B1}"
EndProject
Global
	GlobalSection(SolutionConfigurationPlatforms) = preSolution
		Debug|Any CPU = Debug|Any CPU
		Release|Any CPU = Release|Any CPU
	EndGlobalSection
	GlobalSection(ProjectConfigurationPlatforms) = postSolution
		{4E7BE8E2-D917-4404-A8C9-AE2825968B02}.Debug|Any CPU.ActiveCfg = Debug|Any CPU
		{4E7BE8E2-D917-4404-A8C9-AE2825968B02}.Debug|Any CPU.Build.0 = Debug|Any CPU
		{4E7BE8E2-D917-4404-A8C9-AE2825968B02}.Release|Any CPU.ActiveCfg = Release|Any CPU
		{4E7BE8E2-D917-4404-A8C9-AE2825968B02}.Release|Any CPU.Build.0 = Release|Any CPU
		{37CA14EA-C107-4542-8485-A39E5BFF20B1}.Debug|Any CPU.ActiveCfg = Debug|Any CPU
		{37CA14EA-C107-4542-8485-A39E5BFF20B1}.Debug|Any CPU.Build.0 = Debug|Any CPU
		{37CA14EA-C107-4542-8485-A39E5BFF20B1}.Release|Any CPU.ActiveCfg = Release|Any CPU
		{37CA14EA-C107-4542-8485-A39E5BFF20B1}.Release|Any CPU.Build.0 = Release|Any CPU
	EndGlobalSection
EndGlobal
