
Microsoft Visual Studio Solution File, Format Version 12.00
Project("{FAE04EC0-301F-11D3-BF4B-00C04F79EFBC}") = "StrategyDesignPattern", "StrategyDesignPattern\StrategyDesignPattern.csproj", "{78A50638-0516-4771-BFA4-2D3F183E0EAA}"
EndProject
Global
	GlobalSection(SolutionConfigurationPlatforms) = preSolution
		Debug|Any CPU = Debug|Any CPU
		Release|Any CPU = Release|Any CPU
	EndGlobalSection
	GlobalSection(ProjectConfigurationPlatforms) = postSolution
		{78A50638-0516-4771-BFA4-2D3F183E0EAA}.Debug|Any CPU.ActiveCfg = Debug|Any CPU
		{78A50638-0516-4771-BFA4-2D3F183E0EAA}.Debug|Any CPU.Build.0 = Debug|Any CPU
		{78A50638-0516-4771-BFA4-2D3F183E0EAA}.Release|Any CPU.ActiveCfg = Release|Any CPU
		{78A50638-0516-4771-BFA4-2D3F183E0EAA}.Release|Any CPU.Build.0 = Release|Any CPU
	EndGlobalSection
EndGlobal
